
Microsoft Visual Studio Solution File, Format Version 11.00
# Visual Studio 2010
Project("{E24C65DC-7377-472B-9ABA-BC803B73C61A}") = "ARS", "..\..\Websites\ARS\", "{D553C44A-57F2-4A75-B540-18D7F6ED8146}"
	ProjectSection(WebsiteProperties) = preProject
		TargetFrameworkMoniker = ".NETFramework,Version%3Dv2.0"
		Debug.AspNetCompiler.VirtualPath = "/ARS"
		Debug.AspNetCompiler.PhysicalPath = "..\..\Websites\ARS\"
		Debug.AspNetCompiler.TargetPath = "PrecompiledWeb\ARS\"
		Debug.AspNetCompiler.Updateable = "true"
		Debug.AspNetCompiler.ForceOverwrite = "true"
		Debug.AspNetCompiler.FixedNames = "false"
		Debug.AspNetCompiler.Debug = "True"
		Release.AspNetCompiler.VirtualPath = "/ARS"
		Release.AspNetCompiler.PhysicalPath = "..\..\Websites\ARS\"
		Release.AspNetCompiler.TargetPath = "PrecompiledWeb\ARS\"
		Release.AspNetCompiler.Updateable = "true"
		Release.AspNetCompiler.ForceOverwrite = "true"
		Release.AspNetCompiler.FixedNames = "false"
		Release.AspNetCompiler.Debug = "False"
		VWDPort = "1075"
		DefaultWebSiteLanguage = "Visual C#"
	EndProjectSection
EndProject
Global
	GlobalSection(SolutionConfigurationPlatforms) = preSolution
		Debug|Any CPU = Debug|Any CPU
	EndGlobalSection
	GlobalSection(ProjectConfigurationPlatforms) = postSolution
		{D553C44A-57F2-4A75-B540-18D7F6ED8146}.Debug|Any CPU.ActiveCfg = Debug|Any CPU
		{D553C44A-57F2-4A75-B540-18D7F6ED8146}.Debug|Any CPU.Build.0 = Debug|Any CPU
	EndGlobalSection
	GlobalSection(SolutionProperties) = preSolution
		HideSolutionNode = FALSE
	EndGlobalSection
EndGlobal
