
Microsoft Visual Studio Solution File, Format Version 11.00
# Visual Studio 2010
Project("{E24C65DC-7377-472B-9ABA-BC803B73C61A}") = "Agro.az", "..\..\Websites\Agro.az\", "{0A02B09F-F5EF-48A9-94F9-00E96EF7C42F}"
	ProjectSection(WebsiteProperties) = preProject
		TargetFrameworkMoniker = ".NETFramework,Version%3Dv2.0"
		Debug.AspNetCompiler.VirtualPath = "/Agro.az"
		Debug.AspNetCompiler.PhysicalPath = "..\..\Websites\Agro.az\"
		Debug.AspNetCompiler.TargetPath = "PrecompiledWeb\Agro.az\"
		Debug.AspNetCompiler.Updateable = "true"
		Debug.AspNetCompiler.ForceOverwrite = "true"
		Debug.AspNetCompiler.FixedNames = "false"
		Debug.AspNetCompiler.Debug = "True"
		Release.AspNetCompiler.VirtualPath = "/Agro.az"
		Release.AspNetCompiler.PhysicalPath = "..\..\Websites\Agro.az\"
		Release.AspNetCompiler.TargetPath = "PrecompiledWeb\Agro.az\"
		Release.AspNetCompiler.Updateable = "true"
		Release.AspNetCompiler.ForceOverwrite = "true"
		Release.AspNetCompiler.FixedNames = "false"
		Release.AspNetCompiler.Debug = "False"
		VWDPort = "4230"
	EndProjectSection
EndProject
Global
	GlobalSection(SolutionConfigurationPlatforms) = preSolution
		Debug|Any CPU = Debug|Any CPU
	EndGlobalSection
	GlobalSection(ProjectConfigurationPlatforms) = postSolution
		{0A02B09F-F5EF-48A9-94F9-00E96EF7C42F}.Debug|Any CPU.ActiveCfg = Debug|Any CPU
		{0A02B09F-F5EF-48A9-94F9-00E96EF7C42F}.Debug|Any CPU.Build.0 = Debug|Any CPU
	EndGlobalSection
	GlobalSection(SolutionProperties) = preSolution
		HideSolutionNode = FALSE
	EndGlobalSection
EndGlobal
